
Microsoft Visual Studio Solution File, Format Version 12.00
# Visual Studio Version 17
VisualStudioVersion = 17.0.31903.59
MinimumVisualStudioVersion = 10.0.40219.1
Project("{9A19103F-16F7-4668-BE54-9A1E7A4F7556}") = "LakewoodScoopScraper.Web", "LakewoodScoopScraper.Web\LakewoodScoopScraper.Web.csproj", "{D81517B4-A777-4D57-8212-F010DB8D6857}"
EndProject
Project("{FAE04EC0-301F-11D3-BF4B-00C04F79EFBC}") = "LakewoodScoopScraper.Services", "LakewoodScoopScraper.Services\LakewoodScoopScraper.Services.csproj", "{53A07646-D009-487D-8995-7BAE19CAA7CF}"
EndProject
Global
	GlobalSection(SolutionConfigurationPlatforms) = preSolution
		Debug|Any CPU = Debug|Any CPU
		Release|Any CPU = Release|Any CPU
	EndGlobalSection
	GlobalSection(ProjectConfigurationPlatforms) = postSolution
		{D81517B4-A777-4D57-8212-F010DB8D6857}.Debug|Any CPU.ActiveCfg = Debug|Any CPU
		{D81517B4-A777-4D57-8212-F010DB8D6857}.Debug|Any CPU.Build.0 = Debug|Any CPU
		{D81517B4-A777-4D57-8212-F010DB8D6857}.Release|Any CPU.ActiveCfg = Release|Any CPU
		{D81517B4-A777-4D57-8212-F010DB8D6857}.Release|Any CPU.Build.0 = Release|Any CPU
		{53A07646-D009-487D-8995-7BAE19CAA7CF}.Debug|Any CPU.ActiveCfg = Debug|Any CPU
		{53A07646-D009-487D-8995-7BAE19CAA7CF}.Debug|Any CPU.Build.0 = Debug|Any CPU
		{53A07646-D009-487D-8995-7BAE19CAA7CF}.Release|Any CPU.ActiveCfg = Release|Any CPU
		{53A07646-D009-487D-8995-7BAE19CAA7CF}.Release|Any CPU.Build.0 = Release|Any CPU
	EndGlobalSection
	GlobalSection(SolutionProperties) = preSolution
		HideSolutionNode = FALSE
	EndGlobalSection
	GlobalSection(ExtensibilityGlobals) = postSolution
		SolutionGuid = {01762E25-13AA-4078-BA6E-B73E11765CF2}
	EndGlobalSection
EndGlobal
